github.com/opentalon/opentalon v0.0.0-20260222120421-853b65016c91 h1:wuTctp5u86nRpeFijBRwLRqKYKDOZZ/oJMXONpMilHQ=
github.com/opentalon/opentalon v0.0.0-20260222120421-853b65016c91/go.mod h1:uXWTQDC6jB0d88/6TgGkvkVygCuD0eHBQ2nBUk3EbUs=
github.com/opentalon/opentalon v0.0.0-20260222122315-2e67a9f265f0 h1:ySCfVa62vMVQnp3SHKK+OFhCBIyv/ENdm0ZfXkp8FT4=
github.com/opentalon/opentalon v0.0.0-20260222122315-2e67a9f265f0/go.mod h1:uXWTQDC6jB0d88/6TgGkvkVygCuD0eHBQ2nBUk3EbUs=
